
Microsoft Visual Studio Solution File, Format Version 12.00
# Visual Studio 2013
VisualStudioVersion = 12.0.30723.0
MinimumVisualStudioVersion = 10.0.40219.1
Project("{FAE04EC0-301F-11D3-BF4B-00C04F79EFBC}") = "PAIN_lab2", "PAIN_lab2\PAIN_lab2.csproj", "{135EE3F0-3E1E-4645-8F79-35665927F6D1}"
EndProject
Global
	GlobalSection(SolutionConfigurationPlatforms) = preSolution
		Debug|Any CPU = Debug|Any CPU
		Release|Any CPU = Release|Any CPU
	EndGlobalSection
	GlobalSection(ProjectConfigurationPlatforms) = postSolution
		{135EE3F0-3E1E-4645-8F79-35665927F6D1}.Debug|Any CPU.ActiveCfg = Debug|Any CPU
		{135EE3F0-3E1E-4645-8F79-35665927F6D1}.Debug|Any CPU.Build.0 = Debug|Any CPU
		{135EE3F0-3E1E-4645-8F79-35665927F6D1}.Release|Any CPU.ActiveCfg = Release|Any CPU
		{135EE3F0-3E1E-4645-8F79-35665927F6D1}.Release|Any CPU.Build.0 = Release|Any CPU
	EndGlobalSection
	GlobalSection(SolutionProperties) = preSolution
		HideSolutionNode = FALSE
	EndGlobalSection
EndGlobal
